
Microsoft Visual Studio Solution File, Format Version 12.00
# Visual Studio Version 17
<<<<<<< HEAD
VisualStudioVersion = 17.4.33213.308
MinimumVisualStudioVersion = 10.0.40219.1
Project("{FAE04EC0-301F-11D3-BF4B-00C04F79EFBC}") = "VoltsAmpsLogger", "VoltsAmpsLogger\VoltsAmpsLogger.csproj", "{EDED5CA5-7F99-449D-BDAE-EDD95961EA92}"
=======
VisualStudioVersion = 17.4.33205.214
MinimumVisualStudioVersion = 10.0.40219.1
Project("{FAE04EC0-301F-11D3-BF4B-00C04F79EFBC}") = "VoltsAmpsLogger", "VoltsAmpsLogger\VoltsAmpsLogger.csproj", "{D6ADC5AC-BCAE-48E4-A6BA-E398FFC85DF4}"
>>>>>>> 0ae4f0228b8dd0c02d8207d7c7b3640f26c81c25
EndProject
Global
	GlobalSection(SolutionConfigurationPlatforms) = preSolution
		Debug|Any CPU = Debug|Any CPU
		Release|Any CPU = Release|Any CPU
	EndGlobalSection
	GlobalSection(ProjectConfigurationPlatforms) = postSolution
<<<<<<< HEAD
		{EDED5CA5-7F99-449D-BDAE-EDD95961EA92}.Debug|Any CPU.ActiveCfg = Debug|Any CPU
		{EDED5CA5-7F99-449D-BDAE-EDD95961EA92}.Debug|Any CPU.Build.0 = Debug|Any CPU
		{EDED5CA5-7F99-449D-BDAE-EDD95961EA92}.Release|Any CPU.ActiveCfg = Release|Any CPU
		{EDED5CA5-7F99-449D-BDAE-EDD95961EA92}.Release|Any CPU.Build.0 = Release|Any CPU
=======
		{D6ADC5AC-BCAE-48E4-A6BA-E398FFC85DF4}.Debug|Any CPU.ActiveCfg = Debug|Any CPU
		{D6ADC5AC-BCAE-48E4-A6BA-E398FFC85DF4}.Debug|Any CPU.Build.0 = Debug|Any CPU
		{D6ADC5AC-BCAE-48E4-A6BA-E398FFC85DF4}.Release|Any CPU.ActiveCfg = Release|Any CPU
		{D6ADC5AC-BCAE-48E4-A6BA-E398FFC85DF4}.Release|Any CPU.Build.0 = Release|Any CPU
>>>>>>> 0ae4f0228b8dd0c02d8207d7c7b3640f26c81c25
	EndGlobalSection
	GlobalSection(SolutionProperties) = preSolution
		HideSolutionNode = FALSE
	EndGlobalSection
	GlobalSection(ExtensibilityGlobals) = postSolution
<<<<<<< HEAD
		SolutionGuid = {A54209FE-A3C1-4ED7-8CCB-4476C4EB5F54}
=======
		SolutionGuid = {2B937243-5814-4DE1-91A3-5D7C3534A91E}
>>>>>>> 0ae4f0228b8dd0c02d8207d7c7b3640f26c81c25
	EndGlobalSection
EndGlobal
